
Microsoft Visual Studio Solution File, Format Version 12.00
# Visual Studio Version 17
VisualStudioVersion = 17.14.36811.4 d17.14
MinimumVisualStudioVersion = 10.0.40219.1
Project("{FAE04EC0-301F-11D3-BF4B-00C04F79EFBC}") = "YakManiak", "YakManiak.csproj", "{F5E5B88C-9A45-48B8-AA34-4D54075B3937}"
EndProject
Global
	GlobalSection(SolutionConfigurationPlatforms) = preSolution
		Debug|Any CPU = Debug|Any CPU
		Release|Any CPU = Release|Any CPU
	EndGlobalSection
	GlobalSection(ProjectConfigurationPlatforms) = postSolution
		{F5E5B88C-9A45-48B8-AA34-4D54075B3937}.Debug|Any CPU.ActiveCfg = Debug|Any CPU
		{F5E5B88C-9A45-48B8-AA34-4D54075B3937}.Debug|Any CPU.Build.0 = Debug|Any CPU
		{F5E5B88C-9A45-48B8-AA34-4D54075B3937}.Release|Any CPU.ActiveCfg = Release|Any CPU
		{F5E5B88C-9A45-48B8-AA34-4D54075B3937}.Release|Any CPU.Build.0 = Release|Any CPU
	EndGlobalSection
	GlobalSection(SolutionProperties) = preSolution
		HideSolutionNode = FALSE
	EndGlobalSection
	GlobalSection(ExtensibilityGlobals) = postSolution
		SolutionGuid = {F93B8DEE-77DF-4A93-B8DC-E45A5402E543}
	EndGlobalSection
EndGlobal
